Microsoft Visual Studio Solution File, Format Version 12.00
# Visual Studio Express 2012 for Windows Desktop
Project("{8BC9CEB8-8B4A-11D0-8D11-00A0C91BC942}") = "MQ2Main", "MQ2Main\MQ2Main.vcxproj", "{2A0A06A4-E9C6-4229-82EE-BD2D4E0A7221}"
EndProject
Project("{8BC9CEB8-8B4A-11D0-8D11-00A0C91BC942}") = "MQ2Chat", "MQ2Chat\MQ2Chat.vcxproj", "{D43171FB-8208-4E52-860A-6BAE2A2FA573}"
EndProject
Project("{8BC9CEB8-8B4A-11D0-8D11-00A0C91BC942}") = "MQ2Labels", "MQ2Labels\MQ2Labels.vcxproj", "{2DD3062C-5A78-43D9-8748-FB841A168250}"
	ProjectSection(ProjectDependencies) = postProject
		{2A0A06A4-E9C6-4229-82EE-BD2D4E0A7221} = {2A0A06A4-E9C6-4229-82EE-BD2D4E0A7221}
	EndProjectSection
EndProject
Project("{8BC9CEB8-8B4A-11D0-8D11-00A0C91BC942}") = "MQ2Map", "MQ2Map\MQ2Map.vcxproj", "{2722B78A-D75C-4428-8AD8-5B0A262E958B}"
	ProjectSection(ProjectDependencies) = postProject
		{2A0A06A4-E9C6-4229-82EE-BD2D4E0A7221} = {2A0A06A4-E9C6-4229-82EE-BD2D4E0A7221}
	EndProjectSection
EndProject
Project("{8BC9CEB8-8B4A-11D0-8D11-00A0C91BC942}") = "MQ2ItemDisplay", "MQ2ItemDisplay\MQ2ItemDisplay.vcxproj", "{681F3233-FBF2-4CE4-9470-F56CA14610A5}"
	ProjectSection(ProjectDependencies) = postProject
		{2A0A06A4-E9C6-4229-82EE-BD2D4E0A7221} = {2A0A06A4-E9C6-4229-82EE-BD2D4E0A7221}
	EndProjectSection
EndProject
Project("{8BC9CEB8-8B4A-11D0-8D11-00A0C91BC942}") = "MQ2ChatWnd", "MQ2ChatWnd\MQ2ChatWnd.vcxproj", "{55A426D6-5D96-4F88-89EA-7BDCB7086F56}"
	ProjectSection(ProjectDependencies) = postProject
		{2A0A06A4-E9C6-4229-82EE-BD2D4E0A7221} = {2A0A06A4-E9C6-4229-82EE-BD2D4E0A7221}
	EndProjectSection
EndProject
Project("{8BC9CEB8-8B4A-11D0-8D11-00A0C91BC942}") = "MQ2Telnet", "MQ2Telnet\MQ2Telnet.vcxproj", "{1DA0A350-C188-4810-B903-3B603CA2E7D7}"
	ProjectSection(ProjectDependencies) = postProject
		{2A0A06A4-E9C6-4229-82EE-BD2D4E0A7221} = {2A0A06A4-E9C6-4229-82EE-BD2D4E0A7221}
	EndProjectSection
EndProject
Project("{8BC9CEB8-8B4A-11D0-8D11-00A0C91BC942}") = "MQ2EQBugFix", "MQ2EQBugFix\MQ2EQBugFix.vcxproj", "{83AB981E-E8D9-4282-970D-E5D2A9F6F1CF}"
	ProjectSection(ProjectDependencies) = postProject
		{2A0A06A4-E9C6-4229-82EE-BD2D4E0A7221} = {2A0A06A4-E9C6-4229-82EE-BD2D4E0A7221}
	EndProjectSection
EndProject
Project("{8BC9CEB8-8B4A-11D0-8D11-00A0C91BC942}") = "MQ2Irc", "MQ2Irc\MQ2Irc.vcxproj", "{71652672-C847-4294-9D34-861A35005FAC}"
	ProjectSection(ProjectDependencies) = postProject
		{2A0A06A4-E9C6-4229-82EE-BD2D4E0A7221} = {2A0A06A4-E9C6-4229-82EE-BD2D4E0A7221}
	EndProjectSection
EndProject
Project("{8BC9CEB8-8B4A-11D0-8D11-00A0C91BC942}") = "MQ2EQIM", "MQ2EQIM\MQ2EQIM.vcxproj", "{7302365D-DD56-424E-B370-C87FE1974F10}"
	ProjectSection(ProjectDependencies) = postProject
		{2A0A06A4-E9C6-4229-82EE-BD2D4E0A7221} = {2A0A06A4-E9C6-4229-82EE-BD2D4E0A7221}
	EndProjectSection
EndProject
Project("{8BC9CEB8-8B4A-11D0-8D11-00A0C91BC942}") = "MQ2Bzsrch", "MQ2Bzsrch\MQ2Bzsrch.vcxproj", "{E0A98D60-D694-4E6E-836B-E41AB5737D1D}"
	ProjectSection(ProjectDependencies) = postProject
		{2A0A06A4-E9C6-4229-82EE-BD2D4E0A7221} = {2A0A06A4-E9C6-4229-82EE-BD2D4E0A7221}
	EndProjectSection
EndProject
Project("{8BC9CEB8-8B4A-11D0-8D11-00A0C91BC942}") = "MQ2CustomBinds", "MQ2CustomBinds\MQ2CustomBinds.vcxproj", "{ACE3CCBD-3CC4-4686-A1BB-63F12ABA226A}"
	ProjectSection(ProjectDependencies) = postProject
		{2A0A06A4-E9C6-4229-82EE-BD2D4E0A7221} = {2A0A06A4-E9C6-4229-82EE-BD2D4E0A7221}
	EndProjectSection
EndProject
Project("{8BC9CEB8-8B4A-11D0-8D11-00A0C91BC942}") = "MQ2HUD", "MQ2HUD\MQ2HUD.vcxproj", "{F3077B9F-C8B6-441B-9A21-C76EA07CCE2B}"
EndProject
Project("{2150E333-8FDC-42A3-9474-1A3956D46DE8}") = "Solution Items", "Solution Items", "{1DC6A1B4-844B-4365-922C-2362BCC8BE8F}"
	ProjectSection(SolutionItems) = preProject
		Release\Changes-ISXEQ.txt = Release\Changes-ISXEQ.txt
		Release\Changes.txt = Release\Changes.txt
		Release\Custom.ini = Release\Custom.ini
		Release\eqgame.ini = Release\eqgame.ini
		Release\GPL.txt = Release\GPL.txt
		Release\ItemDB.txt = Release\ItemDB.txt
		Release\locations.txt = Release\locations.txt
		Release\MacroQuest.ini = Release\MacroQuest.ini
	EndProjectSection
EndProject
Project("{8BC9CEB8-8B4A-11D0-8D11-00A0C91BC942}") = "MQ2Advpath", "MQ2Advpath\MQ2Advpath.vcxproj", "{A74D9036-6BA5-45C0-B29A-8161FB8DBA86}"
	ProjectSection(ProjectDependencies) = postProject
		{2DD3062C-5A78-43D9-8748-FB841A168250} = {2DD3062C-5A78-43D9-8748-FB841A168250}
		{2A0A06A4-E9C6-4229-82EE-BD2D4E0A7221} = {2A0A06A4-E9C6-4229-82EE-BD2D4E0A7221}
	EndProjectSection
EndProject
Project("{8BC9CEB8-8B4A-11D0-8D11-00A0C91BC942}") = "MQ2AUTODESTROY", "MQ2AUTODESTROY\MQ2AUTODESTROY.vcxproj", "{887BCB52-377B-4E95-816B-9C975A82009E}"
	ProjectSection(ProjectDependencies) = postProject
		{2DD3062C-5A78-43D9-8748-FB841A168250} = {2DD3062C-5A78-43D9-8748-FB841A168250}
		{2A0A06A4-E9C6-4229-82EE-BD2D4E0A7221} = {2A0A06A4-E9C6-4229-82EE-BD2D4E0A7221}
	EndProjectSection
EndProject
Project("{8BC9CEB8-8B4A-11D0-8D11-00A0C91BC942}") = "MQ2AutoForage", "MQ2AutoForage\MQ2AutoForage.vcxproj", "{5B832F70-DFFE-4A7A-A551-AF00C5EB663F}"
	ProjectSection(ProjectDependencies) = postProject
		{2DD3062C-5A78-43D9-8748-FB841A168250} = {2DD3062C-5A78-43D9-8748-FB841A168250}
		{2A0A06A4-E9C6-4229-82EE-BD2D4E0A7221} = {2A0A06A4-E9C6-4229-82EE-BD2D4E0A7221}
	EndProjectSection
EndProject
Project("{8BC9CEB8-8B4A-11D0-8D11-00A0C91BC942}") = "MQ2AutoLogin", "MQ2AutoLogin\MQ2AutoLogin.vcxproj", "{F1FCB4F8-F88D-4D41-BB86-F0FEBC0FE838}"
	ProjectSection(ProjectDependencies) = postProject
		{2DD3062C-5A78-43D9-8748-FB841A168250} = {2DD3062C-5A78-43D9-8748-FB841A168250}
		{2A0A06A4-E9C6-4229-82EE-BD2D4E0A7221} = {2A0A06A4-E9C6-4229-82EE-BD2D4E0A7221}
	EndProjectSection
EndProject
Project("{8BC9CEB8-8B4A-11D0-8D11-00A0C91BC942}") = "MQ2Bandolier", "MQ2Bandolier\MQ2Bandolier.vcxproj", "{6C06E4F9-9319-43F5-A11F-7622304FEA71}"
	ProjectSection(ProjectDependencies) = postProject
		{2DD3062C-5A78-43D9-8748-FB841A168250} = {2DD3062C-5A78-43D9-8748-FB841A168250}
		{2A0A06A4-E9C6-4229-82EE-BD2D4E0A7221} = {2A0A06A4-E9C6-4229-82EE-BD2D4E0A7221}
	EndProjectSection
EndProject
Project("{8BC9CEB8-8B4A-11D0-8D11-00A0C91BC942}") = "MQ2BardSwap", "MQ2BardSwap\MQ2BardSwap.vcxproj", "{C637AA9C-DBC2-4C07-BA2B-E4ED195BA65E}"
	ProjectSection(ProjectDependencies) = postProject
		{2DD3062C-5A78-43D9-8748-FB841A168250} = {2DD3062C-5A78-43D9-8748-FB841A168250}
		{2A0A06A4-E9C6-4229-82EE-BD2D4E0A7221} = {2A0A06A4-E9C6-4229-82EE-BD2D4E0A7221}
	EndProjectSection
EndProject
Project("{8BC9CEB8-8B4A-11D0-8D11-00A0C91BC942}") = "MQ2Bucles", "MQ2Bucles\MQ2Bucles.vcxproj", "{F55DB431-46A5-4344-AD6F-1B95F31051F9}"
	ProjectSection(ProjectDependencies) = postProject
		{2DD3062C-5A78-43D9-8748-FB841A168250} = {2DD3062C-5A78-43D9-8748-FB841A168250}
		{2A0A06A4-E9C6-4229-82EE-BD2D4E0A7221} = {2A0A06A4-E9C6-4229-82EE-BD2D4E0A7221}
	EndProjectSection
EndProject
Project("{8BC9CEB8-8B4A-11D0-8D11-00A0C91BC942}") = "MQ2Cast", "MQ2Cast\MQ2Cast.vcxproj", "{7C9638EF-D980-43D9-BF87-053F8837EFBB}"
	ProjectSection(ProjectDependencies) = postProject
		{2DD3062C-5A78-43D9-8748-FB841A168250} = {2DD3062C-5A78-43D9-8748-FB841A168250}
		{2A0A06A4-E9C6-4229-82EE-BD2D4E0A7221} = {2A0A06A4-E9C6-4229-82EE-BD2D4E0A7221}
	EndProjectSection
EndProject
Project("{8BC9CEB8-8B4A-11D0-8D11-00A0C91BC942}") = "MQ2CastTimer", "MQ2CastTimer\MQ2CastTimer.vcxproj", "{3BE78B95-4914-4447-A976-347D0530B564}"
	ProjectSection(ProjectDependencies) = postProject
		{2DD3062C-5A78-43D9-8748-FB841A168250} = {2DD3062C-5A78-43D9-8748-FB841A168250}
		{2A0A06A4-E9C6-4229-82EE-BD2D4E0A7221} = {2A0A06A4-E9C6-4229-82EE-BD2D4E0A7221}
	EndProjectSection
EndProject
Project("{8BC9CEB8-8B4A-11D0-8D11-00A0C91BC942}") = "MQ2CEcho", "MQ2CEcho\MQ2CEcho.vcxproj", "{6E22F1A4-CCFF-4841-B7C3-DE8376E13890}"
	ProjectSection(ProjectDependencies) = postProject
		{2DD3062C-5A78-43D9-8748-FB841A168250} = {2DD3062C-5A78-43D9-8748-FB841A168250}
		{2A0A06A4-E9C6-4229-82EE-BD2D4E0A7221} = {2A0A06A4-E9C6-4229-82EE-BD2D4E0A7221}
	EndProjectSection
EndProject
Project("{8BC9CEB8-8B4A-11D0-8D11-00A0C91BC942}") = "MQ2ChatEvents", "MQ2ChatEvents\MQ2ChatEvents.vcxproj", "{3F5B3FDC-964A-4A9E-A5E4-071615DFAAB0}"
	ProjectSection(ProjectDependencies) = postProject
		{2DD3062C-5A78-43D9-8748-FB841A168250} = {2DD3062C-5A78-43D9-8748-FB841A168250}
		{2A0A06A4-E9C6-4229-82EE-BD2D4E0A7221} = {2A0A06A4-E9C6-4229-82EE-BD2D4E0A7221}
	EndProjectSection
EndProject
Project("{8BC9CEB8-8B4A-11D0-8D11-00A0C91BC942}") = "MQ2Clip", "MQ2Clip\MQ2Clip.vcxproj", "{653ED124-F486-440D-B318-3EBF9FDBEDFF}"
	ProjectSection(ProjectDependencies) = postProject
		{2722B78A-D75C-4428-8AD8-5B0A262E958B} = {2722B78A-D75C-4428-8AD8-5B0A262E958B}
		{2A0A06A4-E9C6-4229-82EE-BD2D4E0A7221} = {2A0A06A4-E9C6-4229-82EE-BD2D4E0A7221}
	EndProjectSection
EndProject
Project("{8BC9CEB8-8B4A-11D0-8D11-00A0C91BC942}") = "MQ2WinPath", "MQ2WinPath\MQ2WinPath.vcxproj", "{77633585-5631-4365-B74B-9F5035733852}"
	ProjectSection(ProjectDependencies) = postProject
		{2DD3062C-5A78-43D9-8748-FB841A168250} = {2DD3062C-5A78-43D9-8748-FB841A168250}
		{2A0A06A4-E9C6-4229-82EE-BD2D4E0A7221} = {2A0A06A4-E9C6-4229-82EE-BD2D4E0A7221}
	EndProjectSection
EndProject
Project("{8BC9CEB8-8B4A-11D0-8D11-00A0C91BC942}") = "MQ2Twist", "MQ2Twist\MQ2Twist.vcxproj", "{37DCDC90-DD8E-4FE6-94EC-51E0C8E7B8A4}"
	ProjectSection(ProjectDependencies) = postProject
		{2DD3062C-5A78-43D9-8748-FB841A168250} = {2DD3062C-5A78-43D9-8748-FB841A168250}
		{2A0A06A4-E9C6-4229-82EE-BD2D4E0A7221} = {2A0A06A4-E9C6-4229-82EE-BD2D4E0A7221}
	EndProjectSection
EndProject
Project("{8BC9CEB8-8B4A-11D0-8D11-00A0C91BC942}") = "MQ2Tracking", "MQ2Tracking\MQ2Tracking.vcxproj", "{A63954AC-C54C-4795-983C-699F5064500B}"
	ProjectSection(ProjectDependencies) = postProject
		{2DD3062C-5A78-43D9-8748-FB841A168250} = {2DD3062C-5A78-43D9-8748-FB841A168250}
		{2A0A06A4-E9C6-4229-82EE-BD2D4E0A7221} = {2A0A06A4-E9C6-4229-82EE-BD2D4E0A7221}
	EndProjectSection
EndProject
Project("{8BC9CEB8-8B4A-11D0-8D11-00A0C91BC942}") = "MQ2Template", "MQ2Template\MQ2Template.vcxproj", "{C1E6B6E6-D84A-4904-BF47-370FD28CC802}"
	ProjectSection(ProjectDependencies) = postProject
		{2DD3062C-5A78-43D9-8748-FB841A168250} = {2DD3062C-5A78-43D9-8748-FB841A168250}
		{2A0A06A4-E9C6-4229-82EE-BD2D4E0A7221} = {2A0A06A4-E9C6-4229-82EE-BD2D4E0A7221}
	EndProjectSection
EndProject
Project("{8BC9CEB8-8B4A-11D0-8D11-00A0C91BC942}") = "MQ2Spawns", "MQ2Spawns\MQ2Spawns.vcxproj", "{5D0504CA-E750-42E9-B7EE-288E8CBEF66B}"
	ProjectSection(ProjectDependencies) = postProject
		{2DD3062C-5A78-43D9-8748-FB841A168250} = {2DD3062C-5A78-43D9-8748-FB841A168250}
		{2A0A06A4-E9C6-4229-82EE-BD2D4E0A7221} = {2A0A06A4-E9C6-4229-82EE-BD2D4E0A7221}
	EndProjectSection
EndProject
Project("{8BC9CEB8-8B4A-11D0-8D11-00A0C91BC942}") = "MQ2SpawnMaster", "MQ2SpawnMaster\MQ2SpawnMaster.vcxproj", "{E88F1BCE-0929-448E-A134-5DD53EA5671E}"
	ProjectSection(ProjectDependencies) = postProject
		{2DD3062C-5A78-43D9-8748-FB841A168250} = {2DD3062C-5A78-43D9-8748-FB841A168250}
		{2A0A06A4-E9C6-4229-82EE-BD2D4E0A7221} = {2A0A06A4-E9C6-4229-82EE-BD2D4E0A7221}
	EndProjectSection
EndProject
Project("{8BC9CEB8-8B4A-11D0-8D11-00A0C91BC942}") = "MQ2RelayTells", "MQ2RelayTells\MQ2RelayTells.vcxproj", "{66C47F6F-DD77-411A-9F71-56EE6B867BF9}"
	ProjectSection(ProjectDependencies) = postProject
		{2A0A06A4-E9C6-4229-82EE-BD2D4E0A7221} = {2A0A06A4-E9C6-4229-82EE-BD2D4E0A7221}
	EndProjectSection
EndProject
Project("{8BC9CEB8-8B4A-11D0-8D11-00A0C91BC942}") = "MQ2NONAG", "MQ2NONAG\MQ2NONAG.vcxproj", "{66193C8C-22FF-4DE1-A1ED-9228F4C0B7DF}"
	ProjectSection(ProjectDependencies) = postProject
		{2A0A06A4-E9C6-4229-82EE-BD2D4E0A7221} = {2A0A06A4-E9C6-4229-82EE-BD2D4E0A7221}
	EndProjectSection
EndProject
Project("{8BC9CEB8-8B4A-11D0-8D11-00A0C91BC942}") = "MQ2Netheal", "MQ2Netheal\MQ2Netheal.vcxproj", "{B79169E4-02A1-4CDB-879C-8561DCFB8490}"
	ProjectSection(ProjectDependencies) = postProject
		{2DD3062C-5A78-43D9-8748-FB841A168250} = {2DD3062C-5A78-43D9-8748-FB841A168250}
		{2A0A06A4-E9C6-4229-82EE-BD2D4E0A7221} = {2A0A06A4-E9C6-4229-82EE-BD2D4E0A7221}
	EndProjectSection
EndProject
Project("{8BC9CEB8-8B4A-11D0-8D11-00A0C91BC942}") = "MQ2Netbots", "MQ2Netbots\MQ2Netbots.vcxproj", "{3D14949E-BF47-44C1-9418-FA246089EE24}"
	ProjectSection(ProjectDependencies) = postProject
		{2DD3062C-5A78-43D9-8748-FB841A168250} = {2DD3062C-5A78-43D9-8748-FB841A168250}
		{2A0A06A4-E9C6-4229-82EE-BD2D4E0A7221} = {2A0A06A4-E9C6-4229-82EE-BD2D4E0A7221}
	EndProjectSection
EndProject
Project("{8BC9CEB8-8B4A-11D0-8D11-00A0C91BC942}") = "MQ2Navigation", "MQ2Navigation\MQ2Navigation.vcxproj", "{115BC0F5-8702-4EC6-9724-D0FBE76D80CB}"
	ProjectSection(ProjectDependencies) = postProject
		{2DD3062C-5A78-43D9-8748-FB841A168250} = {2DD3062C-5A78-43D9-8748-FB841A168250}
		{2A0A06A4-E9C6-4229-82EE-BD2D4E0A7221} = {2A0A06A4-E9C6-4229-82EE-BD2D4E0A7221}
	EndProjectSection
EndProject
Project("{8BC9CEB8-8B4A-11D0-8D11-00A0C91BC942}") = "MQ2Moveutils", "MQ2Moveutils\MQ2Moveutils.vcxproj", "{217DEF68-DB29-4092-866D-09CDF21A2460}"
	ProjectSection(ProjectDependencies) = postProject
		{2DD3062C-5A78-43D9-8748-FB841A168250} = {2DD3062C-5A78-43D9-8748-FB841A168250}
		{2A0A06A4-E9C6-4229-82EE-BD2D4E0A7221} = {2A0A06A4-E9C6-4229-82EE-BD2D4E0A7221}
	EndProjectSection
EndProject
Project("{8BC9CEB8-8B4A-11D0-8D11-00A0C91BC942}") = "MQ2Melee", "MQ2Melee\MQ2Melee.vcxproj", "{A5943B25-422D-412C-B050-D1B31F654C97}"
	ProjectSection(ProjectDependencies) = postProject
		{2DD3062C-5A78-43D9-8748-FB841A168250} = {2DD3062C-5A78-43D9-8748-FB841A168250}
		{2A0A06A4-E9C6-4229-82EE-BD2D4E0A7221} = {2A0A06A4-E9C6-4229-82EE-BD2D4E0A7221}
	EndProjectSection
EndProject
Project("{8BC9CEB8-8B4A-11D0-8D11-00A0C91BC942}") = "MQ2FPS", "MQ2FPS\MQ2FPS.vcxproj", "{AB7A4F43-B89F-482B-A12F-79C894F04759}"
	ProjectSection(ProjectDependencies) = postProject
		{2A0A06A4-E9C6-4229-82EE-BD2D4E0A7221} = {2A0A06A4-E9C6-4229-82EE-BD2D4E0A7221}
	EndProjectSection
EndProject
Project("{8BC9CEB8-8B4A-11D0-8D11-00A0C91BC942}") = "MQ2EQBC", "MQ2EQBC\MQ2EQBC.vcxproj", "{5C8A1D1B-1ED6-44E4-AD7B-F1B8456674BE}"
	ProjectSection(ProjectDependencies) = postProject
		{2DD3062C-5A78-43D9-8748-FB841A168250} = {2DD3062C-5A78-43D9-8748-FB841A168250}
		{2A0A06A4-E9C6-4229-82EE-BD2D4E0A7221} = {2A0A06A4-E9C6-4229-82EE-BD2D4E0A7221}
	EndProjectSection
EndProject
Project("{8BC9CEB8-8B4A-11D0-8D11-00A0C91BC942}") = "MQ2Exchange", "MQ2Exchange\MQ2Exchange.vcxproj", "{31E3BCBE-0A89-446F-A7C5-7DE19EC62AD3}"
	ProjectSection(ProjectDependencies) = postProject
		{2A0A06A4-E9C6-4229-82EE-BD2D4E0A7221} = {2A0A06A4-E9C6-4229-82EE-BD2D4E0A7221}
	EndProjectSection
EndProject
Project("{8BC9CEB8-8B4A-11D0-8D11-00A0C91BC942}") = "MQ2DPSAdv", "MQ2DPSAdv\MQ2DPSAdv.vcxproj", "{FFC6D86B-474B-452D-B155-EB57B46DC14E}"
	ProjectSection(ProjectDependencies) = postProject
		{2DD3062C-5A78-43D9-8748-FB841A168250} = {2DD3062C-5A78-43D9-8748-FB841A168250}
		{2A0A06A4-E9C6-4229-82EE-BD2D4E0A7221} = {2A0A06A4-E9C6-4229-82EE-BD2D4E0A7221}
	EndProjectSection
EndProject
Project("{8BC9CEB8-8B4A-11D0-8D11-00A0C91BC942}") = "MQ2Cursor", "MQ2Cursor\MQ2Cursor.vcxproj", "{5376CD17-D75A-4B2D-887C-287FA31BBAD2}"
	ProjectSection(ProjectDependencies) = postProject
		{2DD3062C-5A78-43D9-8748-FB841A168250} = {2DD3062C-5A78-43D9-8748-FB841A168250}
		{2A0A06A4-E9C6-4229-82EE-BD2D4E0A7221} = {2A0A06A4-E9C6-4229-82EE-BD2D4E0A7221}
	EndProjectSection
EndProject
Project("{8BC9CEB8-8B4A-11D0-8D11-00A0C91BC942}") = "MQ2CpuLoad", "MQ2CpuLoad\MQ2CpuLoad.vcxproj", "{C18D5D43-1870-4C50-AED3-45DC8A4BF6A3}"
	ProjectSection(ProjectDependencies) = postProject
		{2DD3062C-5A78-43D9-8748-FB841A168250} = {2DD3062C-5A78-43D9-8748-FB841A168250}
		{2A0A06A4-E9C6-4229-82EE-BD2D4E0A7221} = {2A0A06A4-E9C6-4229-82EE-BD2D4E0A7221}
	EndProjectSection
EndProject
Project("{8BC9CEB8-8B4A-11D0-8D11-00A0C91BC942}") = "MQ2Debuff", "MQ2Debuff\MQ2Debuff.vcxproj", "{B62184F7-6E14-4493-9DDD-A029A209C033}"
	ProjectSection(ProjectDependencies) = postProject
		{2DD3062C-5A78-43D9-8748-FB841A168250} = {2DD3062C-5A78-43D9-8748-FB841A168250}
		{681F3233-FBF2-4CE4-9470-F56CA14610A5} = {681F3233-FBF2-4CE4-9470-F56CA14610A5}
		{2A0A06A4-E9C6-4229-82EE-BD2D4E0A7221} = {2A0A06A4-E9C6-4229-82EE-BD2D4E0A7221}
	EndProjectSection
EndProject
Project("{8BC9CEB8-8B4A-11D0-8D11-00A0C91BC942}") = "MQ2Rez", "MQ2Rez\MQ2Rez.vcxproj", "{A2D30F84-6E2E-4ECB-ACBF-5A94C681115A}"
	ProjectSection(ProjectDependencies) = postProject
		{A5943B25-422D-412C-B050-D1B31F654C97} = {A5943B25-422D-412C-B050-D1B31F654C97}
		{2DD3062C-5A78-43D9-8748-FB841A168250} = {2DD3062C-5A78-43D9-8748-FB841A168250}
		{681F3233-FBF2-4CE4-9470-F56CA14610A5} = {681F3233-FBF2-4CE4-9470-F56CA14610A5}
		{217DEF68-DB29-4092-866D-09CDF21A2460} = {217DEF68-DB29-4092-866D-09CDF21A2460}
		{2722B78A-D75C-4428-8AD8-5B0A262E958B} = {2722B78A-D75C-4428-8AD8-5B0A262E958B}
		{2A0A06A4-E9C6-4229-82EE-BD2D4E0A7221} = {2A0A06A4-E9C6-4229-82EE-BD2D4E0A7221}
	EndProjectSection
EndProject
Global
	GlobalSection(SolutionConfigurationPlatforms) = preSolution
		Release|Win32 = Release|Win32
	EndGlobalSection
	GlobalSection(ProjectConfigurationPlatforms) = postSolution
		{2A0A06A4-E9C6-4229-82EE-BD2D4E0A7221}.Release|Win32.ActiveCfg = Release|Win32
		{2A0A06A4-E9C6-4229-82EE-BD2D4E0A7221}.Release|Win32.Build.0 = Release|Win32
		{D43171FB-8208-4E52-860A-6BAE2A2FA573}.Release|Win32.ActiveCfg = Release|Win32
		{D43171FB-8208-4E52-860A-6BAE2A2FA573}.Release|Win32.Build.0 = Release|Win32
		{2DD3062C-5A78-43D9-8748-FB841A168250}.Release|Win32.ActiveCfg = Release|Win32
		{2DD3062C-5A78-43D9-8748-FB841A168250}.Release|Win32.Build.0 = Release|Win32
		{2722B78A-D75C-4428-8AD8-5B0A262E958B}.Release|Win32.ActiveCfg = Release|Win32
		{2722B78A-D75C-4428-8AD8-5B0A262E958B}.Release|Win32.Build.0 = Release|Win32
		{681F3233-FBF2-4CE4-9470-F56CA14610A5}.Release|Win32.ActiveCfg = Release|Win32
		{681F3233-FBF2-4CE4-9470-F56CA14610A5}.Release|Win32.Build.0 = Release|Win32
		{55A426D6-5D96-4F88-89EA-7BDCB7086F56}.Release|Win32.ActiveCfg = Release|Win32
		{55A426D6-5D96-4F88-89EA-7BDCB7086F56}.Release|Win32.Build.0 = Release|Win32
		{1DA0A350-C188-4810-B903-3B603CA2E7D7}.Release|Win32.ActiveCfg = Release|Win32
		{1DA0A350-C188-4810-B903-3B603CA2E7D7}.Release|Win32.Build.0 = Release|Win32
		{83AB981E-E8D9-4282-970D-E5D2A9F6F1CF}.Release|Win32.ActiveCfg = Release|Win32
		{83AB981E-E8D9-4282-970D-E5D2A9F6F1CF}.Release|Win32.Build.0 = Release|Win32
		{71652672-C847-4294-9D34-861A35005FAC}.Release|Win32.ActiveCfg = Release|Win32
		{71652672-C847-4294-9D34-861A35005FAC}.Release|Win32.Build.0 = Release|Win32
		{7302365D-DD56-424E-B370-C87FE1974F10}.Release|Win32.ActiveCfg = Release|Win32
		{7302365D-DD56-424E-B370-C87FE1974F10}.Release|Win32.Build.0 = Release|Win32
		{E0A98D60-D694-4E6E-836B-E41AB5737D1D}.Release|Win32.ActiveCfg = Release|Win32
		{E0A98D60-D694-4E6E-836B-E41AB5737D1D}.Release|Win32.Build.0 = Release|Win32
		{ACE3CCBD-3CC4-4686-A1BB-63F12ABA226A}.Release|Win32.ActiveCfg = Release|Win32
		{ACE3CCBD-3CC4-4686-A1BB-63F12ABA226A}.Release|Win32.Build.0 = Release|Win32
		{F3077B9F-C8B6-441B-9A21-C76EA07CCE2B}.Release|Win32.ActiveCfg = Release|Win32
		{F3077B9F-C8B6-441B-9A21-C76EA07CCE2B}.Release|Win32.Build.0 = Release|Win32
		{A74D9036-6BA5-45C0-B29A-8161FB8DBA86}.Release|Win32.ActiveCfg = Release|Win32
		{A74D9036-6BA5-45C0-B29A-8161FB8DBA86}.Release|Win32.Build.0 = Release|Win32
		{887BCB52-377B-4E95-816B-9C975A82009E}.Release|Win32.ActiveCfg = Release|Win32
		{887BCB52-377B-4E95-816B-9C975A82009E}.Release|Win32.Build.0 = Release|Win32
		{5B832F70-DFFE-4A7A-A551-AF00C5EB663F}.Release|Win32.ActiveCfg = Release|Win32
		{5B832F70-DFFE-4A7A-A551-AF00C5EB663F}.Release|Win32.Build.0 = Release|Win32
		{F1FCB4F8-F88D-4D41-BB86-F0FEBC0FE838}.Release|Win32.ActiveCfg = Release|Win32
		{F1FCB4F8-F88D-4D41-BB86-F0FEBC0FE838}.Release|Win32.Build.0 = Release|Win32
		{6C06E4F9-9319-43F5-A11F-7622304FEA71}.Release|Win32.ActiveCfg = Release|Win32
		{6C06E4F9-9319-43F5-A11F-7622304FEA71}.Release|Win32.Build.0 = Release|Win32
		{C637AA9C-DBC2-4C07-BA2B-E4ED195BA65E}.Release|Win32.ActiveCfg = Release|Win32
		{C637AA9C-DBC2-4C07-BA2B-E4ED195BA65E}.Release|Win32.Build.0 = Release|Win32
		{F55DB431-46A5-4344-AD6F-1B95F31051F9}.Release|Win32.ActiveCfg = Release|Win32
		{F55DB431-46A5-4344-AD6F-1B95F31051F9}.Release|Win32.Build.0 = Release|Win32
		{7C9638EF-D980-43D9-BF87-053F8837EFBB}.Release|Win32.ActiveCfg = Release|Win32
		{7C9638EF-D980-43D9-BF87-053F8837EFBB}.Release|Win32.Build.0 = Release|Win32
		{3BE78B95-4914-4447-A976-347D0530B564}.Release|Win32.ActiveCfg = Release|Win32
		{3BE78B95-4914-4447-A976-347D0530B564}.Release|Win32.Build.0 = Release|Win32
		{6E22F1A4-CCFF-4841-B7C3-DE8376E13890}.Release|Win32.ActiveCfg = Release|Win32
		{6E22F1A4-CCFF-4841-B7C3-DE8376E13890}.Release|Win32.Build.0 = Release|Win32
		{3F5B3FDC-964A-4A9E-A5E4-071615DFAAB0}.Release|Win32.ActiveCfg = Release|Win32
		{3F5B3FDC-964A-4A9E-A5E4-071615DFAAB0}.Release|Win32.Build.0 = Release|Win32
		{653ED124-F486-440D-B318-3EBF9FDBEDFF}.Release|Win32.ActiveCfg = Release|Win32
		{653ED124-F486-440D-B318-3EBF9FDBEDFF}.Release|Win32.Build.0 = Release|Win32
		{77633585-5631-4365-B74B-9F5035733852}.Release|Win32.ActiveCfg = Release|Win32
		{77633585-5631-4365-B74B-9F5035733852}.Release|Win32.Build.0 = Release|Win32
		{37DCDC90-DD8E-4FE6-94EC-51E0C8E7B8A4}.Release|Win32.ActiveCfg = Release|Win32
		{37DCDC90-DD8E-4FE6-94EC-51E0C8E7B8A4}.Release|Win32.Build.0 = Release|Win32
		{A63954AC-C54C-4795-983C-699F5064500B}.Release|Win32.ActiveCfg = Release|Win32
		{A63954AC-C54C-4795-983C-699F5064500B}.Release|Win32.Build.0 = Release|Win32
		{C1E6B6E6-D84A-4904-BF47-370FD28CC802}.Release|Win32.ActiveCfg = Release|Win32
		{C1E6B6E6-D84A-4904-BF47-370FD28CC802}.Release|Win32.Build.0 = Release|Win32
		{5D0504CA-E750-42E9-B7EE-288E8CBEF66B}.Release|Win32.ActiveCfg = Release|Win32
		{5D0504CA-E750-42E9-B7EE-288E8CBEF66B}.Release|Win32.Build.0 = Release|Win32
		{E88F1BCE-0929-448E-A134-5DD53EA5671E}.Release|Win32.ActiveCfg = Release|Win32
		{E88F1BCE-0929-448E-A134-5DD53EA5671E}.Release|Win32.Build.0 = Release|Win32
		{66C47F6F-DD77-411A-9F71-56EE6B867BF9}.Release|Win32.ActiveCfg = Release|Win32
		{66C47F6F-DD77-411A-9F71-56EE6B867BF9}.Release|Win32.Build.0 = Release|Win32
		{66193C8C-22FF-4DE1-A1ED-9228F4C0B7DF}.Release|Win32.ActiveCfg = Release|Win32
		{66193C8C-22FF-4DE1-A1ED-9228F4C0B7DF}.Release|Win32.Build.0 = Release|Win32
		{B79169E4-02A1-4CDB-879C-8561DCFB8490}.Release|Win32.ActiveCfg = Release|Win32
		{B79169E4-02A1-4CDB-879C-8561DCFB8490}.Release|Win32.Build.0 = Release|Win32
		{3D14949E-BF47-44C1-9418-FA246089EE24}.Release|Win32.ActiveCfg = Release|Win32
		{3D14949E-BF47-44C1-9418-FA246089EE24}.Release|Win32.Build.0 = Release|Win32
		{115BC0F5-8702-4EC6-9724-D0FBE76D80CB}.Release|Win32.ActiveCfg = Release|Win32
		{115BC0F5-8702-4EC6-9724-D0FBE76D80CB}.Release|Win32.Build.0 = Release|Win32
		{217DEF68-DB29-4092-866D-09CDF21A2460}.Release|Win32.ActiveCfg = Release|Win32
		{217DEF68-DB29-4092-866D-09CDF21A2460}.Release|Win32.Build.0 = Release|Win32
		{A5943B25-422D-412C-B050-D1B31F654C97}.Release|Win32.ActiveCfg = Release|Win32
		{A5943B25-422D-412C-B050-D1B31F654C97}.Release|Win32.Build.0 = Release|Win32
		{AB7A4F43-B89F-482B-A12F-79C894F04759}.Release|Win32.ActiveCfg = Release|Win32
		{AB7A4F43-B89F-482B-A12F-79C894F04759}.Release|Win32.Build.0 = Release|Win32
		{5C8A1D1B-1ED6-44E4-AD7B-F1B8456674BE}.Release|Win32.ActiveCfg = Release|Win32
		{5C8A1D1B-1ED6-44E4-AD7B-F1B8456674BE}.Release|Win32.Build.0 = Release|Win32
		{31E3BCBE-0A89-446F-A7C5-7DE19EC62AD3}.Release|Win32.ActiveCfg = Release|Win32
		{31E3BCBE-0A89-446F-A7C5-7DE19EC62AD3}.Release|Win32.Build.0 = Release|Win32
		{FFC6D86B-474B-452D-B155-EB57B46DC14E}.Release|Win32.ActiveCfg = Release|Win32
		{FFC6D86B-474B-452D-B155-EB57B46DC14E}.Release|Win32.Build.0 = Release|Win32
		{5376CD17-D75A-4B2D-887C-287FA31BBAD2}.Release|Win32.ActiveCfg = Release|Win32
		{5376CD17-D75A-4B2D-887C-287FA31BBAD2}.Release|Win32.Build.0 = Release|Win32
		{C18D5D43-1870-4C50-AED3-45DC8A4BF6A3}.Release|Win32.ActiveCfg = Release|Win32
		{C18D5D43-1870-4C50-AED3-45DC8A4BF6A3}.Release|Win32.Build.0 = Release|Win32
		{B62184F7-6E14-4493-9DDD-A029A209C033}.Release|Win32.ActiveCfg = Release|Win32
		{B62184F7-6E14-4493-9DDD-A029A209C033}.Release|Win32.Build.0 = Release|Win32
		{A2D30F84-6E2E-4ECB-ACBF-5A94C681115A}.Release|Win32.ActiveCfg = Release|Win32
		{A2D30F84-6E2E-4ECB-ACBF-5A94C681115A}.Release|Win32.Build.0 = Release|Win32
	EndGlobalSection
	GlobalSection(SolutionProperties) = preSolution
		HideSolutionNode = FALSE
	EndGlobalSection
EndGlobal
